// !$*UTF8*$!
{
	archiveVersion = 1;
	classes = {
	};
	objectVersion = 46;
	objects = {

/* Begin PBXBuildFile section */
		438F64681CB45DCC00DFCB2A /* Array2D.swift in Sources */ = {isa = PBXBuildFile; fileRef = 438F64671CB45DCC00DFCB2A /* Array2D.swift */; };
		438F646A1CB4745800DFCB2A /* Block.swift in Sources */ = {isa = PBXBuildFile; fileRef = 438F64691CB4745800DFCB2A /* Block.swift */; };
		438F646C1CB478E000DFCB2A /* Shape.swift in Sources */ = {isa = PBXBuildFile; fileRef = 438F646B1CB478E000DFCB2A /* Shape.swift */; };
		438F646E1CB47DCF00DFCB2A /* SquareShape.swift in Sources */ = {isa = PBXBuildFile; fileRef = 438F646D1CB47DCF00DFCB2A /* SquareShape.swift */; };
		438F64701CB47E7500DFCB2A /* TShape.swift in Sources */ = {isa = PBXBuildFile; fileRef = 438F646F1CB47E7500DFCB2A /* TShape.swift */; };
		438F64721CB47E8C00DFCB2A /* LineShape.swift in Sources */ = {isa = PBXBuildFile; fileRef = 438F64711CB47E8C00DFCB2A /* LineShape.swift */; };
		438F64741CB47EA400DFCB2A /* LShape.swift in Sources */ = {isa = PBXBuildFile; fileRef = 438F64731CB47EA400DFCB2A /* LShape.swift */; };
		438F64761CB47EBF00DFCB2A /* JShape.swift in Sources */ = {isa = PBXBuildFile; fileRef = 438F64751CB47EBF00DFCB2A /* JShape.swift */; };
		438F64781CB47ED400DFCB2A /* SShape.swift in Sources */ = {isa = PBXBuildFile; fileRef = 438F64771CB47ED400DFCB2A /* SShape.swift */; };
		438F647A1CB47EE900DFCB2A /* ZShape.swift in Sources */ = {isa = PBXBuildFile; fileRef = 438F64791CB47EE900DFCB2A /* ZShape.swift */; };
		438F647C1CB47FF100DFCB2A /* Swiftris.swift in Sources */ = {isa = PBXBuildFile; fileRef = 438F647B1CB47FF100DFCB2A /* Swiftris.swift */; };
		439E71771C77C9F00052530A /* AppDelegate.swift in Sources */ = {isa = PBXBuildFile; fileRef = 439E71761C77C9F00052530A /* AppDelegate.swift */; };
		439E717B1C77C9F00052530A /* GameScene.swift in Sources */ = {isa = PBXBuildFile; fileRef = 439E717A1C77C9F00052530A /* GameScene.swift */; };
		439E717D1C77C9F00052530A /* GameViewController.swift in Sources */ = {isa = PBXBuildFile; fileRef = 439E717C1C77C9F00052530A /* GameViewController.swift */; };
		439E71801C77C9F00052530A /* Main.storyboard in Resources */ = {isa = PBXBuildFile; fileRef = 439E717E1C77C9F00052530A /* Main.storyboard */; };
		439E71821C77C9F00052530A /* Assets.xcassets in Resources */ = {isa = PBXBuildFile; fileRef = 439E71811C77C9F00052530A /* Assets.xcassets */; };
		439E71851C77C9F00052530A /* LaunchScreen.storyboard in Resources */ = {isa = PBXBuildFile; fileRef = 439E71831C77C9F00052530A /* LaunchScreen.storyboard */; };
		439E71901C77C9F00052530A /* swiftrisTests.swift in Sources */ = {isa = PBXBuildFile; fileRef = 439E718F1C77C9F00052530A /* swiftrisTests.swift */; };
		439E719B1C77C9F00052530A /* swiftrisUITests.swift in Sources */ = {isa = PBXBuildFile; fileRef = 439E719A1C77C9F00052530A /* swiftrisUITests.swift */; };
		439E71AE1C77D0D70052530A /* bomb.mp3 in Resources */ = {isa = PBXBuildFile; fileRef = 439E71A91C77D0D70052530A /* bomb.mp3 */; };
		439E71AF1C77D0D70052530A /* drop.mp3 in Resources */ = {isa = PBXBuildFile; fileRef = 439E71AA1C77D0D70052530A /* drop.mp3 */; };
		439E71B01C77D0D70052530A /* gameover.mp3 in Resources */ = {isa = PBXBuildFile; fileRef = 439E71AB1C77D0D70052530A /* gameover.mp3 */; };
		439E71B11C77D0D70052530A /* levelup.mp3 in Resources */ = {isa = PBXBuildFile; fileRef = 439E71AC1C77D0D70052530A /* levelup.mp3 */; };
		439E71B21C77D0D70052530A /* theme.mp3 in Resources */ = {isa = PBXBuildFile; fileRef = 439E71AD1C77D0D70052530A /* theme.mp3 */; };
		439E71B41C77D0E80052530A /* Sprites.atlas in Resources */ = {isa = PBXBuildFile; fileRef = 439E71B31C77D0E80052530A /* Sprites.atlas */; };
		439E71BC1C77D17A0052530A /* background.png in Resources */ = {isa = PBXBuildFile; fileRef = 439E71B61C77D17A0052530A /* background.png */; };
		439E71BD1C77D17A0052530A /* background@2x.png in Resources */ = {isa = PBXBuildFile; fileRef = 439E71B71C77D17A0052530A /* background@2x.png */; };
		439E71BE1C77D17A0052530A /* gameboard.png in Resources */ = {isa = PBXBuildFile; fileRef = 439E71B81C77D17A0052530A /* gameboard.png */; };
		439E71BF1C77D17A0052530A /* gameboard@2x.png in Resources */ = {isa = PBXBuildFile; fileRef = 439E71B91C77D17A0052530A /* gameboard@2x.png */; };
		439E71C01C77D17A0052530A /* whitebg.png in Resources */ = {isa = PBXBuildFile; fileRef = 439E71BA1C77D17A0052530A /* whitebg.png */; };
		439E71C11C77D17A0052530A /* whitebg@2x.png in Resources */ = {isa = PBXBuildFile; fileRef = 439E71BB1C77D17A0052530A /* whitebg@2x.png */; };
		43E8645E1CFB6A3200579423 /* MainViewController.swift in Sources */ = {isa = PBXBuildFile; fileRef = 43E8645D1CFB6A3200579423 /* MainViewController.swift */; };
/* End PBXBuildFile section */

/* Begin PBXContainerItemProxy section */
		439E718C1C77C9F00052530A /* PBXContainerItemProxy */ = {
			isa = PBXContainerItemProxy;
			containerPortal = 439E716B1C77C9EF0052530A /* Project object */;
			proxyType = 1;
			remoteGlobalIDString = 439E71721C77C9F00052530A;
			remoteInfo = swiftris;
		};
		439E71971C77C9F00052530A /* PBXContainerItemProxy */ = {
			isa = PBXContainerItemProxy;
			containerPortal = 439E716B1C77C9EF0052530A /* Project object */;
			proxyType = 1;
			remoteGlobalIDString = 439E71721C77C9F00052530A;
			remoteInfo = swiftris;
		};
/* End PBXContainerItemProxy section */

/* Begin PBXFileReference section */
		438F64671CB45DCC00DFCB2A /* Array2D.swift */ = {isa = PBXFileReference; fileEncoding = 4; lastKnownFileType = sourcecode.swift; path = Array2D.swift; sourceTree = "<group>"; };
		438F64691CB4745800DFCB2A /* Block.swift */ = {isa = PBXFileReference; fileEncoding = 4; lastKnownFileType = sourcecode.swift; path = Block.swift; sourceTree = "<group>"; };
		438F646B1CB478E000DFCB2A /* Shape.swift */ = {isa = PBXFileReference; fileEncoding = 4; lastKnownFileType = sourcecode.swift; path = Shape.swift; sourceTree = "<group>"; };
		438F646D1CB47DCF00DFCB2A /* SquareShape.swift */ = {isa = PBXFileReference; fileEncoding = 4; lastKnownFileType = sourcecode.swift; path = SquareShape.swift; sourceTree = "<group>"; };
		438F646F1CB47E7500DFCB2A /* TShape.swift */ = {isa = PBXFileReference; fileEncoding = 4; lastKnownFileType = sourcecode.swift; path = TShape.swift; sourceTree = "<group>"; };
		438F64711CB47E8C00DFCB2A /* LineShape.swift */ = {isa = PBXFileReference; fileEncoding = 4; lastKnownFileType = sourcecode.swift; path = LineShape.swift; sourceTree = "<group>"; };
		438F64731CB47EA400DFCB2A /* LShape.swift */ = {isa = PBXFileReference; fileEncoding = 4; lastKnownFileType = sourcecode.swift; path = LShape.swift; sourceTree = "<group>"; };
		438F64751CB47EBF00DFCB2A /* JShape.swift */ = {isa = PBXFileReference; fileEncoding = 4; lastKnownFileType = sourcecode.swift; path = JShape.swift; sourceTree = "<group>"; };
		438F64771CB47ED400DFCB2A /* SShape.swift */ = {isa = PBXFileReference; fileEncoding = 4; lastKnownFileType = sourcecode.swift; path = SShape.swift; sourceTree = "<group>"; };
		438F64791CB47EE900DFCB2A /* ZShape.swift */ = {isa = PBXFileReference; fileEncoding = 4; lastKnownFileType = sourcecode.swift; path = ZShape.swift; sourceTree = "<group>"; };
		438F647B1CB47FF100DFCB2A /* Swiftris.swift */ = {isa = PBXFileReference; fileEncoding = 4; lastKnownFileType = sourcecode.swift; path = Swiftris.swift; sourceTree = "<group>"; };
		439E71731C77C9F00052530A /* swiftris.app */ = {isa = PBXFileReference; explicitFileType = wrapper.application; includeInIndex = 0; path = swiftris.app; sourceTree = BUILT_PRODUCTS_DIR; };
		439E71761C77C9F00052530A /* AppDelegate.swift */ = {isa = PBXFileReference; lastKnownFileType = sourcecode.swift; path = AppDelegate.swift; sourceTree = "<group>"; };
		439E717A1C77C9F00052530A /* GameScene.swift */ = {isa = PBXFileReference; lastKnownFileType = sourcecode.swift; path = GameScene.swift; sourceTree = "<group>"; };
		439E717C1C77C9F00052530A /* GameViewController.swift */ = {isa = PBXFileReference; lastKnownFileType = sourcecode.swift; path = GameViewController.swift; sourceTree = "<group>"; };
		439E717F1C77C9F00052530A /* Base */ = {isa = PBXFileReference; lastKnownFileType = file.storyboard; name = Base; path = Base.lproj/Main.storyboard; sourceTree = "<group>"; };
		439E71811C77C9F00052530A /* Assets.xcassets */ = {isa = PBXFileReference; lastKnownFileType = folder.assetcatalog; path = Assets.xcassets; sourceTree = "<group>"; };
		439E71841C77C9F00052530A /* Base */ = {isa = PBXFileReference; lastKnownFileType = file.storyboard; name = Base; path = Base.lproj/LaunchScreen.storyboard; sourceTree = "<group>"; };
		439E71861C77C9F00052530A /* Info.plist */ = {isa = PBXFileReference; lastKnownFileType = text.plist.xml; path = Info.plist; sourceTree = "<group>"; };
		439E718B1C77C9F00052530A /* swiftrisTests.xctest */ = {isa = PBXFileReference; explicitFileType = wrapper.cfbundle; includeInIndex = 0; path = swiftrisTests.xctest; sourceTree = BUILT_PRODUCTS_DIR; };
		439E718F1C77C9F00052530A /* swiftrisTests.swift */ = {isa = PBXFileReference; lastKnownFileType = sourcecode.swift; path = swiftrisTests.swift; sourceTree = "<group>"; };
		439E71911C77C9F00052530A /* Info.plist */ = {isa = PBXFileReference; lastKnownFileType = text.plist.xml; path = Info.plist; sourceTree = "<group>"; };
		439E71961C77C9F00052530A /* swiftrisUITests.xctest */ = {isa = PBXFileReference; explicitFileType = wrapper.cfbundle; includeInIndex = 0; path = swiftrisUITests.xctest; sourceTree = BUILT_PRODUCTS_DIR; };
		439E719A1C77C9F00052530A /* swiftrisUITests.swift */ = {isa = PBXFileReference; lastKnownFileType = sourcecode.swift; path = swiftrisUITests.swift; sourceTree = "<group>"; };
		439E719C1C77C9F00052530A /* Info.plist */ = {isa = PBXFileReference; lastKnownFileType = text.plist.xml; path = Info.plist; sourceTree = "<group>"; };
		439E71A91C77D0D70052530A /* bomb.mp3 */ = {isa = PBXFileReference; lastKnownFileType = audio.mp3; path = bomb.mp3; sourceTree = "<group>"; };
		439E71AA1C77D0D70052530A /* drop.mp3 */ = {isa = PBXFileReference; lastKnownFileType = audio.mp3; path = drop.mp3; sourceTree = "<group>"; };
		439E71AB1C77D0D70052530A /* gameover.mp3 */ = {isa = PBXFileReference; lastKnownFileType = audio.mp3; path = gameover.mp3; sourceTree = "<group>"; };
		439E71AC1C77D0D70052530A /* levelup.mp3 */ = {isa = PBXFileReference; lastKnownFileType = audio.mp3; path = levelup.mp3; sourceTree = "<group>"; };
		439E71AD1C77D0D70052530A /* theme.mp3 */ = {isa = PBXFileReference; lastKnownFileType = audio.mp3; path = theme.mp3; sourceTree = "<group>"; };
		439E71B31C77D0E80052530A /* Sprites.atlas */ = {isa = PBXFileReference; lastKnownFileType = folder.skatlas; path = Sprites.atlas; sourceTree = "<group>"; };
		439E71B61C77D17A0052530A /* background.png */ = {isa = PBXFileReference; lastKnownFileType = image.png; path = background.png; sourceTree = "<group>"; };
		439E71B71C77D17A0052530A /* background@2x.png */ = {isa = PBXFileReference; lastKnownFileType = image.png; path = "background@2x.png"; sourceTree = "<group>"; };
		439E71B81C77D17A0052530A /* gameboard.png */ = {isa = PBXFileReference; lastKnownFileType = image.png; path = gameboard.png; sourceTree = "<group>"; };
		439E71B91C77D17A0052530A /* gameboard@2x.png */ = {isa = PBXFileReference; lastKnownFileType = image.png; path = "gameboard@2x.png"; sourceTree = "<group>"; };
		439E71BA1C77D17A0052530A /* whitebg.png */ = {isa = PBXFileReference; lastKnownFileType = image.png; path = whitebg.png; sourceTree = "<group>"; };
		439E71BB1C77D17A0052530A /* whitebg@2x.png */ = {isa = PBXFileReference; lastKnownFileType = image.png; path = "whitebg@2x.png"; sourceTree = "<group>"; };
		43E8645D1CFB6A3200579423 /* MainViewController.swift */ = {isa = PBXFileReference; fileEncoding = 4; lastKnownFileType = sourcecode.swift; path = MainViewController.swift; sourceTree = "<group>"; };
/* End PBXFileReference section */

/* Begin PBXFrameworksBuildPhase section */
		439E71701C77C9F00052530A /* Frameworks */ = {
			isa = PBXFrameworksBuildPhase;
			buildActionMask = 2147483647;
			files = (
			);
			runOnlyForDeploymentPostprocessing = 0;
		};
		439E71881C77C9F00052530A /* Frameworks */ = {
			isa = PBXFrameworksBuildPhase;
			buildActionMask = 2147483647;
			files = (
			);
			runOnlyForDeploymentPostprocessing = 0;
		};
		439E71931C77C9F00052530A /* Frameworks */ = {
			isa = PBXFrameworksBuildPhase;
			buildActionMask = 2147483647;
			files = (
			);
			runOnlyForDeploymentPostprocessing = 0;
		};
/* End PBXFrameworksBuildPhase section */

/* Begin PBXGroup section */
		438F647D1CB57A1600DFCB2A /* Model */ = {
			isa = PBXGroup;
			children = (
				438F646B1CB478E000DFCB2A /* Shape.swift */,
				438F646D1CB47DCF00DFCB2A /* SquareShape.swift */,
				438F646F1CB47E7500DFCB2A /* TShape.swift */,
				438F64711CB47E8C00DFCB2A /* LineShape.swift */,
				438F64731CB47EA400DFCB2A /* LShape.swift */,
				438F64751CB47EBF00DFCB2A /* JShape.swift */,
				438F64771CB47ED400DFCB2A /* SShape.swift */,
				438F64791CB47EE900DFCB2A /* ZShape.swift */,
			);
			name = Model;
			sourceTree = "<group>";
		};
		439E716A1C77C9EF0052530A = {
			isa = PBXGroup;
			children = (
				439E71B51C77D17A0052530A /* Images */,
				439E71751C77C9F00052530A /* swiftris */,
				439E718E1C77C9F00052530A /* swiftrisTests */,
				439E71991C77C9F00052530A /* swiftrisUITests */,
				439E71741C77C9F00052530A /* Products */,
			);
			sourceTree = "<group>";
		};
		439E71741C77C9F00052530A /* Products */ = {
			isa = PBXGroup;
			children = (
				439E71731C77C9F00052530A /* swiftris.app */,
				439E718B1C77C9F00052530A /* swiftrisTests.xctest */,
				439E71961C77C9F00052530A /* swiftrisUITests.xctest */,
			);
			name = Products;
			sourceTree = "<group>";
		};
		439E71751C77C9F00052530A /* swiftris */ = {
			isa = PBXGroup;
			children = (
				439E717A1C77C9F00052530A /* GameScene.swift */,
				439E71761C77C9F00052530A /* AppDelegate.swift */,
				43E8645D1CFB6A3200579423 /* MainViewController.swift */,
				439E717C1C77C9F00052530A /* GameViewController.swift */,
				438F64671CB45DCC00DFCB2A /* Array2D.swift */,
				438F64691CB4745800DFCB2A /* Block.swift */,
				438F647B1CB47FF100DFCB2A /* Swiftris.swift */,
				438F647D1CB57A1600DFCB2A /* Model */,
				439E717E1C77C9F00052530A /* Main.storyboard */,
				439E71811C77C9F00052530A /* Assets.xcassets */,
				439E71831C77C9F00052530A /* LaunchScreen.storyboard */,
				439E71861C77C9F00052530A /* Info.plist */,
				439E71A81C77D0D70052530A /* Sounds */,
			);
			path = swiftris;
			sourceTree = "<group>";
		};
		439E718E1C77C9F00052530A /* swiftrisTests */ = {
			isa = PBXGroup;
			children = (
				439E718F1C77C9F00052530A /* swiftrisTests.swift */,
				439E71911C77C9F00052530A /* Info.plist */,
			);
			path = swiftrisTests;
			sourceTree = "<group>";
		};
		439E71991C77C9F00052530A /* swiftrisUITests */ = {
			isa = PBXGroup;
			children = (
				439E719A1C77C9F00052530A /* swiftrisUITests.swift */,
				439E719C1C77C9F00052530A /* Info.plist */,
			);
			path = swiftrisUITests;
			sourceTree = "<group>";
		};
		439E71A81C77D0D70052530A /* Sounds */ = {
			isa = PBXGroup;
			children = (
				439E71B31C77D0E80052530A /* Sprites.atlas */,
				439E71A91C77D0D70052530A /* bomb.mp3 */,
				439E71AA1C77D0D70052530A /* drop.mp3 */,
				439E71AB1C77D0D70052530A /* gameover.mp3 */,
				439E71AC1C77D0D70052530A /* levelup.mp3 */,
				439E71AD1C77D0D70052530A /* theme.mp3 */,
			);
			path = Sounds;
			sourceTree = "<group>";
		};
		439E71B51C77D17A0052530A /* Images */ = {
			isa = PBXGroup;
			children = (
				439E71B61C77D17A0052530A /* background.png */,
				439E71B71C77D17A0052530A /* background@2x.png */,
				439E71B81C77D17A0052530A /* gameboard.png */,
				439E71B91C77D17A0052530A /* gameboard@2x.png */,
				439E71BA1C77D17A0052530A /* whitebg.png */,
				439E71BB1C77D17A0052530A /* whitebg@2x.png */,
			);
			path = Images;
			sourceTree = "<group>";
		};
/* End PBXGroup section */

/* Begin PBXNativeTarget section */
		439E71721C77C9F00052530A /* swiftris */ = {
			isa = PBXNativeTarget;
			buildConfigurationList = 439E719F1C77C9F00052530A /* Build configuration list for PBXNativeTarget "swiftris" */;
			buildPhases = (
				439E716F1C77C9F00052530A /* Sources */,
				439E71701C77C9F00052530A /* Frameworks */,
				439E71711C77C9F00052530A /* Resources */,
			);
			buildRules = (
			);
			dependencies = (
			);
			name = swiftris;
			productName = swiftris;
			productReference = 439E71731C77C9F00052530A /* swiftris.app */;
			productType = "com.apple.product-type.application";
		};
		439E718A1C77C9F00052530A /* swiftrisTests */ = {
			isa = PBXNativeTarget;
			buildConfigurationList = 439E71A21C77C9F00052530A /* Build configuration list for PBXNativeTarget "swiftrisTests" */;
			buildPhases = (
				439E71871C77C9F00052530A /* Sources */,
				439E71881C77C9F00052530A /* Frameworks */,
				439E71891C77C9F00052530A /* Resources */,
			);
			buildRules = (
			);
			dependencies = (
				439E718D1C77C9F00052530A /* PBXTargetDependency */,
			);
			name = swiftrisTests;
			productName = swiftrisTests;
			productReference = 439E718B1C77C9F00052530A /* swiftrisTests.xctest */;
			productType = "com.apple.product-type.bundle.unit-test";
		};
		439E71951C77C9F00052530A /* swiftrisUITests */ = {
			isa = PBXNativeTarget;
			buildConfigurationList = 439E71A51C77C9F00052530A /* Build configuration list for PBXNativeTarget "swiftrisUITests" */;
			buildPhases = (
				439E71921C77C9F00052530A /* Sources */,
				439E71931C77C9F00052530A /* Frameworks */,
				439E71941C77C9F00052530A /* Resources */,
			);
			buildRules = (
			);
			dependencies = (
				439E71981C77C9F00052530A /* PBXTargetDependency */,
			);
			name = swiftrisUITests;
			productName = swiftrisUITests;
			productReference = 439E71961C77C9F00052530A /* swiftrisUITests.xctest */;
			productType = "com.apple.product-type.bundle.ui-testing";
		};
/* End PBXNativeTarget section */

/* Begin PBXProject section */
		439E716B1C77C9EF0052530A /* Project object */ = {
			isa = PBXProject;
			attributes = {
				LastSwiftUpdateCheck = 0720;
				LastUpgradeCheck = 0720;
				ORGANIZATIONNAME = melbo;
				TargetAttributes = {
					439E71721C77C9F00052530A = {
						CreatedOnToolsVersion = 7.2.1;
						DevelopmentTeam = WFBXYH99LH;
					};
					439E718A1C77C9F00052530A = {
						CreatedOnToolsVersion = 7.2.1;
						TestTargetID = 439E71721C77C9F00052530A;
					};
					439E71951C77C9F00052530A = {
						CreatedOnToolsVersion = 7.2.1;
						TestTargetID = 439E71721C77C9F00052530A;
					};
				};
			};
			buildConfigurationList = 439E716E1C77C9EF0052530A /* Build configuration list for PBXProject "swiftris" */;
			compatibilityVersion = "Xcode 3.2";
			developmentRegion = English;
			hasScannedForEncodings = 0;
			knownRegions = (
				en,
				Base,
			);
			mainGroup = 439E716A1C77C9EF0052530A;
			productRefGroup = 439E71741C77C9F00052530A /* Products */;
			projectDirPath = "";
			projectRoot = "";
			targets = (
				439E71721C77C9F00052530A /* swiftris */,
				439E718A1C77C9F00052530A /* swiftrisTests */,
				439E71951C77C9F00052530A /* swiftrisUITests */,
			);
		};
/* End PBXProject section */

/* Begin PBXResourcesBuildPhase section */
		439E71711C77C9F00052530A /* Resources */ = {
			isa = PBXResourcesBuildPhase;
			buildActionMask = 2147483647;
			files = (
				439E71851C77C9F00052530A /* LaunchScreen.storyboard in Resources */,
				439E71BD1C77D17A0052530A /* background@2x.png in Resources */,
				439E71C01C77D17A0052530A /* whitebg.png in Resources */,
				439E71BF1C77D17A0052530A /* gameboard@2x.png in Resources */,
				439E71BE1C77D17A0052530A /* gameboard.png in Resources */,
				439E71BC1C77D17A0052530A /* background.png in Resources */,
				439E71AF1C77D0D70052530A /* drop.mp3 in Resources */,
				439E71C11C77D17A0052530A /* whitebg@2x.png in Resources */,
				439E71B21C77D0D70052530A /* theme.mp3 in Resources */,
				439E71B01C77D0D70052530A /* gameover.mp3 in Resources */,
				439E71821C77C9F00052530A /* Assets.xcassets in Resources */,
				439E71B11C77D0D70052530A /* levelup.mp3 in Resources */,
				439E71B41C77D0E80052530A /* Sprites.atlas in Resources */,
				439E71AE1C77D0D70052530A /* bomb.mp3 in Resources */,
				439E71801C77C9F00052530A /* Main.storyboard in Resources */,
			);
			runOnlyForDeploymentPostprocessing = 0;
		};
		439E71891C77C9F00052530A /* Resources */ = {
			isa = PBXResourcesBuildPhase;
			buildActionMask = 2147483647;
			files = (
			);
			runOnlyForDeploymentPostprocessing = 0;
		};
		439E71941C77C9F00052530A /* Resources */ = {
			isa = PBXResourcesBuildPhase;
			buildActionMask = 2147483647;
			files = (
			);
			runOnlyForDeploymentPostprocessing = 0;
		};
/* End PBXResourcesBuildPhase section */

/* Begin PBXSourcesBuildPhase section */
		439E716F1C77C9F00052530A /* Sources */ = {
			isa = PBXSourcesBuildPhase;
			buildActionMask = 2147483647;
			files = (
				438F64741CB47EA400DFCB2A /* LShape.swift in Sources */,
				438F646E1CB47DCF00DFCB2A /* SquareShape.swift in Sources */,
				439E717B1C77C9F00052530A /* GameScene.swift in Sources */,
				438F64761CB47EBF00DFCB2A /* JShape.swift in Sources */,
				438F647C1CB47FF100DFCB2A /* Swiftris.swift in Sources */,
				438F646C1CB478E000DFCB2A /* Shape.swift in Sources */,
				438F64681CB45DCC00DFCB2A /* Array2D.swift in Sources */,
				438F64721CB47E8C00DFCB2A /* LineShape.swift in Sources */,
				438F64781CB47ED400DFCB2A /* SShape.swift in Sources */,
				43E8645E1CFB6A3200579423 /* MainViewController.swift in Sources */,
				438F64701CB47E7500DFCB2A /* TShape.swift in Sources */,
				438F646A1CB4745800DFCB2A /* Block.swift in Sources */,
				439E717D1C77C9F00052530A /* GameViewController.swift in Sources */,
				438F647A1CB47EE900DFCB2A /* ZShape.swift in Sources */,
				439E71771C77C9F00052530A /* AppDelegate.swift in Sources */,
			);
			runOnlyForDeploymentPostprocessing = 0;
		};
		439E71871C77C9F00052530A /* Sources */ = {
			isa = PBXSourcesBuildPhase;
			buildActionMask = 2147483647;
			files = (
				439E71901C77C9F00052530A /* swiftrisTests.swift in Sources */,
			);
			runOnlyForDeploymentPostprocessing = 0;
		};
		439E71921C77C9F00052530A /* Sources */ = {
			isa = PBXSourcesBuildPhase;
			buildActionMask = 2147483647;
			files = (
				439E719B1C77C9F00052530A /* swiftrisUITests.swift in Sources */,
			);
			runOnlyForDeploymentPostprocessing = 0;
		};
/* End PBXSourcesBuildPhase section */

/* Begin PBXTargetDependency section */
		439E718D1C77C9F00052530A /* PBXTargetDependency */ = {
			isa = PBXTargetDependency;
			target = 439E71721C77C9F00052530A /* swiftris */;
			targetProxy = 439E718C1C77C9F00052530A /* PBXContainerItemProxy */;
		};
		439E71981C77C9F00052530A /* PBXTargetDependency */ = {
			isa = PBXTargetDependency;
			target = 439E71721C77C9F00052530A /* swiftris */;
			targetProxy = 439E71971C77C9F00052530A /* PBXContainerItemProxy */;
		};
/* End PBXTargetDependency section */

/* Begin PBXVariantGroup section */
		439E717E1C77C9F00052530A /* Main.storyboard */ = {
			isa = PBXVariantGroup;
			children = (
				439E717F1C77C9F00052530A /* Base */,
			);
			name = Main.storyboard;
			sourceTree = "<group>";
		};
		439E71831C77C9F00052530A /* LaunchScreen.storyboard */ = {
			isa = PBXVariantGroup;
			children = (
				439E71841C77C9F00052530A /* Base */,
			);
			name = LaunchScreen.storyboard;
			sourceTree = "<group>";
		};
/* End PBXVariantGroup section */

/* Begin XCBuildConfiguration section */
		439E719D1C77C9F00052530A /* Debug */ = {
			isa = XCBuildConfiguration;
			buildSettings = {
				ALWAYS_SEARCH_USER_PATHS = NO;
				CLANG_CXX_LANGUAGE_STANDARD = "gnu++0x";
				CLANG_CXX_LIBRARY = "libc++";
				CLANG_ENABLE_MODULES = YES;
				CLANG_ENABLE_OBJC_ARC = YES;
				CLANG_WARN_BOOL_CONVERSION = YES;
				CLANG_WARN_CONSTANT_CONVERSION = YES;
				CLANG_WARN_DIRECT_OBJC_ISA_USAGE = YES_ERROR;
				CLANG_WARN_EMPTY_BODY = YES;
				CLANG_WARN_ENUM_CONVERSION = YES;
				CLANG_WARN_INT_CONVERSION = YES;
				CLANG_WARN_OBJC_ROOT_CLASS = YES_ERROR;
				CLANG_WARN_UNREACHABLE_CODE = YES;
				CLANG_WARN__DUPLICATE_METHOD_MATCH = YES;
				"CODE_SIGN_IDENTITY[sdk=iphoneos*]" = "iPhone Developer";
				COPY_PHASE_STRIP = NO;
				DEBUG_INFORMATION_FORMAT = "dwarf-with-dsym";
				ENABLE_STRICT_OBJC_MSGSEND = YES;
				ENABLE_TESTABILITY = YES;
				GCC_C_LANGUAGE_STANDARD = gnu99;
				GCC_DYNAMIC_NO_PIC = NO;
				GCC_NO_COMMON_BLOCKS = YES;
				GCC_OPTIMIZATION_LEVEL = 0;
				GCC_PREPROCESSOR_DEFINITIONS = (
					"DEBUG=1",
					"$(inherited)",
				);
				GCC_WARN_64_TO_32_BIT_CONVERSION = YES;
				GCC_WARN_ABOUT_RETURN_TYPE = YES_ERROR;
				GCC_WARN_UNDECLARED_SELECTOR = YES;
				GCC_WARN_UNINITIALIZED_AUTOS = YES_AGGRESSIVE;
				GCC_WARN_UNUSED_FUNCTION = YES;
				GCC_WARN_UNUSED_VARIABLE = YES;
				IPHONEOS_DEPLOYMENT_TARGET = 9.2;
				MTL_ENABLE_DEBUG_INFO = YES;
				ONLY_ACTIVE_ARCH = YES;
				SDKROOT = iphoneos;
				SWIFT_OPTIMIZATION_LEVEL = "-Onone";
			};
			name = Debug;
		};
		439E719E1C77C9F00052530A /* Release */ = {
			isa = XCBuildConfiguration;
			buildSettings = {
				ALWAYS_SEARCH_USER_PATHS = NO;
				CLANG_CXX_LANGUAGE_STANDARD = "gnu++0x";
				CLANG_CXX_LIBRARY = "libc++";
				CLANG_ENABLE_MODULES = YES;
				CLANG_ENABLE_OBJC_ARC = YES;
				CLANG_WARN_BOOL_CONVERSION = YES;
				CLANG_WARN_CONSTANT_CONVERSION = YES;
				CLANG_WARN_DIRECT_OBJC_ISA_USAGE = YES_ERROR;
				CLANG_WARN_EMPTY_BODY = YES;
				CLANG_WARN_ENUM_CONVERSION = YES;
				CLANG_WARN_INT_CONVERSION = YES;
				CLANG_WARN_OBJC_ROOT_CLASS = YES_ERROR;
				CLANG_WARN_UNREACHABLE_CODE = YES;
				CLANG_WARN__DUPLICATE_METHOD_MATCH = YES;
				"CODE_SIGN_IDENTITY[sdk=iphoneos*]" = "iPhone Developer";
				COPY_PHASE_STRIP = NO;
				DEBUG_INFORMATION_FORMAT = "dwarf-with-dsym";
				ENABLE_NS_ASSERTIONS = NO;
				ENABLE_STRICT_OBJC_MSGSEND = YES;
				GCC_C_LANGUAGE_STANDARD = gnu99;
				GCC_NO_COMMON_BLOCKS = YES;
				GCC_WARN_64_TO_32_BIT_CONVERSION = YES;
				GCC_WARN_ABOUT_RETURN_TYPE = YES_ERROR;
				GCC_WARN_UNDECLARED_SELECTOR = YES;
				GCC_WARN_UNINITIALIZED_AUTOS = YES_AGGRESSIVE;
				GCC_WARN_UNUSED_FUNCTION = YES;
				GCC_WARN_UNUSED_VARIABLE = YES;
				IPHONEOS_DEPLOYMENT_TARGET = 9.2;
				MTL_ENABLE_DEBUG_INFO = NO;
				SDKROOT = iphoneos;
				VALIDATE_PRODUCT = YES;
			};
			name = Release;
		};
		439E71A01C77C9F00052530A /* Debug */ = {
			isa = XCBuildConfiguration;
			buildSettings = {
				ASSETCATALOG_COMPILER_APPICON_NAME = AppIcon;
				CODE_SIGN_IDENTITY = "iPhone Developer";
				"CODE_SIGN_IDENTITY[sdk=iphoneos*]" = "iPhone Developer";
				INFOPLIST_FILE = swiftris/Info.plist;
				LD_RUNPATH_SEARCH_PATHS = "$(inherited) @executable_path/Frameworks";
				PRODUCT_BUNDLE_IDENTIFIER = melbo.co.swiftris;
				PRODUCT_NAME = "$(TARGET_NAME)";
				PROVISIONING_PROFILE = "";
			};
			name = Debug;
		};
		439E71A11C77C9F00052530A /* Release */ = {
			isa = XCBuildConfiguration;
			buildSettings = {
				ASSETCATALOG_COMPILER_APPICON_NAME = AppIcon;
				CODE_SIGN_IDENTITY = "iPhone Developer";
				"CODE_SIGN_IDENTITY[sdk=iphoneos*]" = "iPhone Developer";
				INFOPLIST_FILE = swiftris/Info.plist;
				LD_RUNPATH_SEARCH_PATHS = "$(inherited) @executable_path/Frameworks";
				PRODUCT_BUNDLE_IDENTIFIER = melbo.co.swiftris;
				PRODUCT_NAME = "$(TARGET_NAME)";
				PROVISIONING_PROFILE = "";
			};
			name = Release;
		};
		439E71A31C77C9F00052530A /* Debug */ = {
			isa = XCBuildConfiguration;
			buildSettings = {
				BUNDLE_LOADER = "$(TEST_HOST)";
				DEBUG_INFORMATION_FORMAT = dwarf;
				INFOPLIST_FILE = swiftrisTests/Info.plist;
				LD_RUNPATH_SEARCH_PATHS = "$(inherited) @executable_path/Frameworks @loader_path/Frameworks";
				PRODUCT_BUNDLE_IDENTIFIER = melbo.co.swiftrisTests;
				PRODUCT_NAME = "$(TARGET_NAME)";
				TEST_HOST = "$(BUILT_PRODUCTS_DIR)/swiftris.app/swiftris";
			};
			name = Debug;
		};
		439E71A41C77C9F00052530A /* Release */ = {
			isa = XCBuildConfiguration;
			buildSettings = {
				BUNDLE_LOADER = "$(TEST_HOST)";
				INFOPLIST_FILE = swiftrisTests/Info.plist;
				LD_RUNPATH_SEARCH_PATHS = "$(inherited) @executable_path/Frameworks @loader_path/Frameworks";
				PRODUCT_BUNDLE_IDENTIFIER = melbo.co.swiftrisTests;
				PRODUCT_NAME = "$(TARGET_NAME)";
				TEST_HOST = "$(BUILT_PRODUCTS_DIR)/swiftris.app/swiftris";
			};
			name = Release;
		};
		439E71A61C77C9F00052530A /* Debug */ = {
			isa = XCBuildConfiguration;
			buildSettings = {
				DEBUG_INFORMATION_FORMAT = dwarf;
				INFOPLIST_FILE = swiftrisUITests/Info.plist;
				LD_RUNPATH_SEARCH_PATHS = "$(inherited) @executable_path/Frameworks @loader_path/Frameworks";
				PRODUCT_BUNDLE_IDENTIFIER = melbo.co.swiftrisUITests;
				PRODUCT_NAME = "$(TARGET_NAME)";
				TEST_TARGET_NAME = swiftris;
				USES_XCTRUNNER = YES;
			};
			name = Debug;
		};
		439E71A71C77C9F00052530A /* Release */ = {
			isa = XCBuildConfiguration;
			buildSettings = {
				INFOPLIST_FILE = swiftrisUITests/Info.plist;
				LD_RUNPATH_SEARCH_PATHS = "$(inherited) @executable_path/Frameworks @loader_path/Frameworks";
				PRODUCT_BUNDLE_IDENTIFIER = melbo.co.swiftrisUITests;
				PRODUCT_NAME = "$(TARGET_NAME)";
				TEST_TARGET_NAME = swiftris;
				USES_XCTRUNNER = YES;
			};
			name = Release;
		};
/* End XCBuildConfiguration section */

/* Begin XCConfigurationList section */
		439E716E1C77C9EF0052530A /* Build configuration list for PBXProject "swiftris" */ = {
			isa = XCConfigurationList;
			buildConfigurations = (
				439E719D1C77C9F00052530A /* Debug */,
				439E719E1C77C9F00052530A /* Release */,
			);
			defaultConfigurationIsVisible = 0;
			defaultConfigurationName = Release;
		};
		439E719F1C77C9F00052530A /* Build configuration list for PBXNativeTarget "swiftris" */ = {
			isa = XCConfigurationList;
			buildConfigurations = (
				439E71A01C77C9F00052530A /* Debug */,
				439E71A11C77C9F00052530A /* Release */,
			);
			defaultConfigurationIsVisible = 0;
			defaultConfigurationName = Release;
		};
		439E71A21C77C9F00052530A /* Build configuration list for PBXNativeTarget "swiftrisTests" */ = {
			isa = XCConfigurationList;
			buildConfigurations = (
				439E71A31C77C9F00052530A /* Debug */,
				439E71A41C77C9F00052530A /* Release */,
			);
			defaultConfigurationIsVisible = 0;
			defaultConfigurationName = Release;
		};
		439E71A51C77C9F00052530A /* Build configuration list for PBXNativeTarget "swiftrisUITests" */ = {
			isa = XCConfigurationList;
			buildConfigurations = (
				439E71A61C77C9F00052530A /* Debug */,
				439E71A71C77C9F00052530A /* Release */,
			);
			defaultConfigurationIsVisible = 0;
			defaultConfigurationName = Release;
		};
/* End XCConfigurationList section */
	};
	rootObject = 439E716B1C77C9EF0052530A /* Project object */;
}
